// !$*UTF8*$!
{
	archiveVersion = 1;
	classes = {
	};
	objectVersion = 46;
	objects = {

/* Begin PBXBuildFile section */
		3461CFB41DE3DE93005FFEA7 /* ThreeRingControl.h in Headers */ = {isa = PBXBuildFile; fileRef = 3461CFB31DE3DE93005FFEA7 /* ThreeRingControl.h */; settings = {ATTRIBUTES = (Public, ); }; };
		3461CFC11DE3DEF7005FFEA7 /* CircularGradient.swift in Sources */ = {isa = PBXBuildFile; fileRef = 3461CFBB1DE3DEF7005FFEA7 /* CircularGradient.swift */; };
		3461CFC21DE3DEF7005FFEA7 /* RingLayer.swift in Sources */ = {isa = PBXBuildFile; fileRef = 3461CFBC1DE3DEF7005FFEA7 /* RingLayer.swift */; };
		3461CFC31DE3DEF7005FFEA7 /* RingTip.swift in Sources */ = {isa = PBXBuildFile; fileRef = 3461CFBD1DE3DEF7005FFEA7 /* RingTip.swift */; };
		3461CFC41DE3DEF7005FFEA7 /* ThreeRingView.swift in Sources */ = {isa = PBXBuildFile; fileRef = 3461CFBE1DE3DEF7005FFEA7 /* ThreeRingView.swift */; };
		3461CFC51DE3DEF7005FFEA7 /* Utilities.swift in Sources */ = {isa = PBXBuildFile; fileRef = 3461CFBF1DE3DEF7005FFEA7 /* Utilities.swift */; };
		3461CFC61DE3DEF7005FFEA7 /* Fanfare.swift in Sources */ = {isa = PBXBuildFile; fileRef = 3461CFC01DE3DEF7005FFEA7 /* Fanfare.swift */; };
		3461CFC91DE3DF00005FFEA7 /* coin07.mp3 in Resources */ = {isa = PBXBuildFile; fileRef = 3461CFC71DE3DF00005FFEA7 /* coin07.mp3 */; };
		3461CFCA1DE3DF00005FFEA7 /* winning.mp3 in Resources */ = {isa = PBXBuildFile; fileRef = 3461CFC81DE3DF00005FFEA7 /* winning.mp3 */; };
/* End PBXBuildFile section */

/* Begin PBXFileReference section */
		3461CFB01DE3DE93005FFEA7 /* ThreeRingControl.framework */ = {isa = PBXFileReference; explicitFileType = wrapper.framework; includeInIndex = 0; path = ThreeRingControl.framework; sourceTree = BUILT_PRODUCTS_DIR; };
		3461CFB31DE3DE93005FFEA7 /* ThreeRingControl.h */ = {isa = PBXFileReference; lastKnownFileType = sourcecode.c.h; path = ThreeRingControl.h; sourceTree = "<group>"; };
		3461CFB51DE3DE93005FFEA7 /* Info.plist */ = {isa = PBXFileReference; lastKnownFileType = text.plist.xml; path = Info.plist; sourceTree = "<group>"; };
		3461CFBB1DE3DEF7005FFEA7 /* CircularGradient.swift */ = {isa = PBXFileReference; fileEncoding = 4; lastKnownFileType = sourcecode.swift; path = CircularGradient.swift; sourceTree = "<group>"; };
		3461CFBC1DE3DEF7005FFEA7 /* RingLayer.swift */ = {isa = PBXFileReference; fileEncoding = 4; lastKnownFileType = sourcecode.swift; path = RingLayer.swift; sourceTree = "<group>"; };
		3461CFBD1DE3DEF7005FFEA7 /* RingTip.swift */ = {isa = PBXFileReference; fileEncoding = 4; lastKnownFileType = sourcecode.swift; path = RingTip.swift; sourceTree = "<group>"; };
		3461CFBE1DE3DEF7005FFEA7 /* ThreeRingView.swift */ = {isa = PBXFileReference; fileEncoding = 4; lastKnownFileType = sourcecode.swift; path = ThreeRingView.swift; sourceTree = "<group>"; };
		3461CFBF1DE3DEF7005FFEA7 /* Utilities.swift */ = {isa = PBXFileReference; fileEncoding = 4; lastKnownFileType = sourcecode.swift; path = Utilities.swift; sourceTree = "<group>"; };
		3461CFC01DE3DEF7005FFEA7 /* Fanfare.swift */ = {isa = PBXFileReference; fileEncoding = 4; lastKnownFileType = sourcecode.swift; path = Fanfare.swift; sourceTree = "<group>"; };
		3461CFC71DE3DF00005FFEA7 /* coin07.mp3 */ = {isa = PBXFileReference; lastKnownFileType = audio.mp3; path = coin07.mp3; sourceTree = "<group>"; };
		3461CFC81DE3DF00005FFEA7 /* winning.mp3 */ = {isa = PBXFileReference; lastKnownFileType = audio.mp3; path = winning.mp3; sourceTree = "<group>"; };
/* End PBXFileReference section */

/* Begin PBXFrameworksBuildPhase section */
		3461CFAC1DE3DE93005FFEA7 /* Frameworks */ = {
			isa = PBXFrameworksBuildPhase;
			buildActionMask = 2147483647;
			files = (
			);
			runOnlyForDeploymentPostprocessing = 0;
		};
/* End PBXFrameworksBuildPhase section */

/* Begin PBXGroup section */
		3461CFA61DE3DE93005FFEA7 = {
			isa = PBXGroup;
			children = (
				3461CFB21DE3DE93005FFEA7 /* ThreeRingControl */,
				3461CFB11DE3DE93005FFEA7 /* Products */,
			);
			sourceTree = "<group>";
		};
		3461CFB11DE3DE93005FFEA7 /* Products */ = {
			isa = PBXGroup;
			children = (
				3461CFB01DE3DE93005FFEA7 /* ThreeRingControl.framework */,
			);
			name = Products;
			sourceTree = "<group>";
		};
		3461CFB21DE3DE93005FFEA7 /* ThreeRingControl */ = {
			isa = PBXGroup;
			children = (
				3461CFC71DE3DF00005FFEA7 /* coin07.mp3 */,
				3461CFC81DE3DF00005FFEA7 /* winning.mp3 */,
				3461CFBB1DE3DEF7005FFEA7 /* CircularGradient.swift */,
				3461CFBC1DE3DEF7005FFEA7 /* RingLayer.swift */,
				3461CFBD1DE3DEF7005FFEA7 /* RingTip.swift */,
				3461CFBE1DE3DEF7005FFEA7 /* ThreeRingView.swift */,
				3461CFBF1DE3DEF7005FFEA7 /* Utilities.swift */,
				3461CFC01DE3DEF7005FFEA7 /* Fanfare.swift */,
				3461CFB31DE3DE93005FFEA7 /* ThreeRingControl.h */,
				3461CFB51DE3DE93005FFEA7 /* Info.plist */,
			);
			path = ThreeRingControl;
			sourceTree = "<group>";
		};
/* End PBXGroup section */

/* Begin PBXHeadersBuildPhase section */
		3461CFAD1DE3DE93005FFEA7 /* Headers */ = {
			isa = PBXHeadersBuildPhase;
			buildActionMask = 2147483647;
			files = (
				3461CFB41DE3DE93005FFEA7 /* ThreeRingControl.h in Headers */,
			);
			runOnlyForDeploymentPostprocessing = 0;
		};
/* End PBXHeadersBuildPhase section */

/* Begin PBXNativeTarget section */
		3461CFAF1DE3DE93005FFEA7 /* ThreeRingControl */ = {
			isa = PBXNativeTarget;
			buildConfigurationList = 3461CFB81DE3DE93005FFEA7 /* Build configuration list for PBXNativeTarget "ThreeRingControl" */;
			buildPhases = (
				3461CFAB1DE3DE93005FFEA7 /* Sources */,
				3461CFAC1DE3DE93005FFEA7 /* Frameworks */,
				3461CFAD1DE3DE93005FFEA7 /* Headers */,
				3461CFAE1DE3DE93005FFEA7 /* Resources */,
			);
			buildRules = (
			);
			dependencies = (
			);
			name = ThreeRingControl;
			productName = ThreeRingControl;
			productReference = 3461CFB01DE3DE93005FFEA7 /* ThreeRingControl.framework */;
			productType = "com.apple.product-type.framework";
		};
/* End PBXNativeTarget section */

/* Begin PBXProject section */
		3461CFA71DE3DE93005FFEA7 /* Project object */ = {
			isa = PBXProject;
			attributes = {
				LastUpgradeCheck = 0730;
				ORGANIZATIONNAME = adv;
				TargetAttributes = {
					3461CFAF1DE3DE93005FFEA7 = {
						CreatedOnToolsVersion = 7.3.1;
						LastSwiftMigration = 0800;
					};
				};
			};
			buildConfigurationList = 3461CFAA1DE3DE93005FFEA7 /* Build configuration list for PBXProject "ThreeRingControl" */;
			compatibilityVersion = "Xcode 3.2";
			developmentRegion = English;
			hasScannedForEncodings = 0;
			knownRegions = (
				en,
			);
			mainGroup = 3461CFA61DE3DE93005FFEA7;
			productRefGroup = 3461CFB11DE3DE93005FFEA7 /* Products */;
			projectDirPath = "";
			projectRoot = "";
			targets = (
				3461CFAF1DE3DE93005FFEA7 /* ThreeRingControl */,
			);
		};
/* End PBXProject section */

/* Begin PBXResourcesBuildPhase section */
		3461CFAE1DE3DE93005FFEA7 /* Resources */ = {
			isa = PBXResourcesBuildPhase;
			buildActionMask = 2147483647;
			files = (
				3461CFC91DE3DF00005FFEA7 /* coin07.mp3 in Resources */,
				3461CFCA1DE3DF00005FFEA7 /* winning.mp3 in Resources */,
			);
			runOnlyForDeploymentPostprocessing = 0;
		};
/* End PBXResourcesBuildPhase section */

/* Begin PBXSourcesBuildPhase section */
		3461CFAB1DE3DE93005FFEA7 /* Sources */ = {
			isa = PBXSourcesBuildPhase;
			buildActionMask = 2147483647;
			files = (
				3461CFC11DE3DEF7005FFEA7 /* CircularGradient.swift in Sources */,
				3461CFC41DE3DEF7005FFEA7 /* ThreeRingView.swift in Sources */,
				3461CFC31DE3DEF7005FFEA7 /* RingTip.swift in Sources */,
				3461CFC51DE3DEF7005FFEA7 /* Utilities.swift in Sources */,
				3461CFC21DE3DEF7005FFEA7 /* RingLayer.swift in Sources */,
				3461CFC61DE3DEF7005FFEA7 /* Fanfare.swift in Sources */,
			);
			runOnlyForDeploymentPostprocessing = 0;
		};
/* End PBXSourcesBuildPhase section */

/* Begin XCBuildConfiguration section */
		3461CFB61DE3DE93005FFEA7 /* Debug */ = {
			isa = XCBuildConfiguration;
			buildSettings = {
				ALWAYS_SEARCH_USER_PATHS = NO;
				CLANG_ANALYZER_NONNULL = YES;
				CLANG_CXX_LANGUAGE_STANDARD = "gnu++0x";
				CLANG_CXX_LIBRARY = "libc++";
				CLANG_ENABLE_MODULES = YES;
				CLANG_ENABLE_OBJC_ARC = YES;
				CLANG_WARN_BOOL_CONVERSION = YES;
				CLANG_WARN_CONSTANT_CONVERSION = YES;
				CLANG_WARN_DIRECT_OBJC_ISA_USAGE = YES_ERROR;
				CLANG_WARN_EMPTY_BODY = YES;
				CLANG_WARN_ENUM_CONVERSION = YES;
				CLANG_WARN_INT_CONVERSION = YES;
				CLANG_WARN_OBJC_ROOT_CLASS = YES_ERROR;
				CLANG_WARN_UNREACHABLE_CODE = YES;
				CLANG_WARN__DUPLICATE_METHOD_MATCH = YES;
				"CODE_SIGN_IDENTITY[sdk=iphoneos*]" = "iPhone Developer";
				COPY_PHASE_STRIP = NO;
				CURRENT_PROJECT_VERSION = 1;
				DEBUG_INFORMATION_FORMAT = dwarf;
				ENABLE_STRICT_OBJC_MSGSEND = YES;
				ENABLE_TESTABILITY = YES;
				GCC_C_LANGUAGE_STANDARD = gnu99;
				GCC_DYNAMIC_NO_PIC = NO;
				GCC_NO_COMMON_BLOCKS = YES;
				GCC_OPTIMIZATION_LEVEL = 0;
				GCC_PREPROCESSOR_DEFINITIONS = (
					"DEBUG=1",
					"$(inherited)",
				);
				GCC_WARN_64_TO_32_BIT_CONVERSION = YES;
				GCC_WARN_ABOUT_RETURN_TYPE = YES_ERROR;
				GCC_WARN_UNDECLARED_SELECTOR = YES;
				GCC_WARN_UNINITIALIZED_AUTOS = YES_AGGRESSIVE;
				GCC_WARN_UNUSED_FUNCTION = YES;
				GCC_WARN_UNUSED_VARIABLE = YES;
				IPHONEOS_DEPLOYMENT_TARGET = 9.3;
				MTL_ENABLE_DEBUG_INFO = YES;
				ONLY_ACTIVE_ARCH = YES;
				SDKROOT = iphoneos;
				SWIFT_OPTIMIZATION_LEVEL = "-Onone";
				TARGETED_DEVICE_FAMILY = "1,2";
				VERSIONING_SYSTEM = "apple-generic";
				VERSION_INFO_PREFIX = "";
			};
			name = Debug;
		};
		3461CFB71DE3DE93005FFEA7 /* Release */ = {
			isa = XCBuildConfiguration;
			buildSettings = {
				ALWAYS_SEARCH_USER_PATHS = NO;
				CLANG_ANALYZER_NONNULL = YES;
				CLANG_CXX_LANGUAGE_STANDARD = "gnu++0x";
				CLANG_CXX_LIBRARY = "libc++";
				CLANG_ENABLE_MODULES = YES;
				CLANG_ENABLE_OBJC_ARC = YES;
				CLANG_WARN_BOOL_CONVERSION = YES;
				CLANG_WARN_CONSTANT_CONVERSION = YES;
				CLANG_WARN_DIRECT_OBJC_ISA_USAGE = YES_ERROR;
				CLANG_WARN_EMPTY_BODY = YES;
				CLANG_WARN_ENUM_CONVERSION = YES;
				CLANG_WARN_INT_CONVERSION = YES;
				CLANG_WARN_OBJC_ROOT_CLASS = YES_ERROR;
				CLANG_WARN_UNREACHABLE_CODE = YES;
				CLANG_WARN__DUPLICATE_METHOD_MATCH = YES;
				"CODE_SIGN_IDENTITY[sdk=iphoneos*]" = "iPhone Developer";
				COPY_PHASE_STRIP = NO;
				CURRENT_PROJECT_VERSION = 1;
				DEBUG_INFORMATION_FORMAT = "dwarf-with-dsym";
				ENABLE_NS_ASSERTIONS = NO;
				ENABLE_STRICT_OBJC_MSGSEND = YES;
				GCC_C_LANGUAGE_STANDARD = gnu99;
				GCC_NO_COMMON_BLOCKS = YES;
				GCC_WARN_64_TO_32_BIT_CONVERSION = YES;
				GCC_WARN_ABOUT_RETURN_TYPE = YES_ERROR;
				GCC_WARN_UNDECLARED_SELECTOR = YES;
				GCC_WARN_UNINITIALIZED_AUTOS = YES_AGGRESSIVE;
				GCC_WARN_UNUSED_FUNCTION = YES;
				GCC_WARN_UNUSED_VARIABLE = YES;
				IPHONEOS_DEPLOYMENT_TARGET = 9.3;
				MTL_ENABLE_DEBUG_INFO = NO;
				SDKROOT = iphoneos;
				TARGETED_DEVICE_FAMILY = "1,2";
				VALIDATE_PRODUCT = YES;
				VERSIONING_SYSTEM = "apple-generic";
				VERSION_INFO_PREFIX = "";
			};
			name = Release;
		};
		3461CFB91DE3DE93005FFEA7 /* Debug */ = {
			isa = XCBuildConfiguration;
			buildSettings = {
				CLANG_ENABLE_MODULES = YES;
				DEFINES_MODULE = YES;
				DYLIB_COMPATIBILITY_VERSION = 1;
				DYLIB_CURRENT_VERSION = 1;
				DYLIB_INSTALL_NAME_BASE = "@rpath";
				INFOPLIST_FILE = ThreeRingControl/Info.plist;
				INSTALL_PATH = "$(LOCAL_LIBRARY_DIR)/Frameworks";
				LD_RUNPATH_SEARCH_PATHS = "$(inherited) @executable_path/Frameworks @loader_path/Frameworks";
				PRODUCT_BUNDLE_IDENTIFIER = com.adv.ThreeRingControl;
				PRODUCT_NAME = "$(TARGET_NAME)";
				SKIP_INSTALL = YES;
				SWIFT_OPTIMIZATION_LEVEL = "-Onone";
				SWIFT_VERSION = 3.0;
			};
			name = Debug;
		};
		3461CFBA1DE3DE93005FFEA7 /* Release */ = {
			isa = XCBuildConfiguration;
			buildSettings = {
				CLANG_ENABLE_MODULES = YES;
				DEFINES_MODULE = YES;
				DYLIB_COMPATIBILITY_VERSION = 1;
				DYLIB_CURRENT_VERSION = 1;
				DYLIB_INSTALL_NAME_BASE = "@rpath";
				INFOPLIST_FILE = ThreeRingControl/Info.plist;
				INSTALL_PATH = "$(LOCAL_LIBRARY_DIR)/Frameworks";
				LD_RUNPATH_SEARCH_PATHS = "$(inherited) @executable_path/Frameworks @loader_path/Frameworks";
				PRODUCT_BUNDLE_IDENTIFIER = com.adv.ThreeRingControl;
				PRODUCT_NAME = "$(TARGET_NAME)";
				SKIP_INSTALL = YES;
				SWIFT_VERSION = 3.0;
			};
			name = Release;
		};
/* End XCBuildConfiguration section */

/* Begin XCConfigurationList section */
		3461CFAA1DE3DE93005FFEA7 /* Build configuration list for PBXProject "ThreeRingControl" */ = {
			isa = XCConfigurationList;
			buildConfigurations = (
				3461CFB61DE3DE93005FFEA7 /* Debug */,
				3461CFB71DE3DE93005FFEA7 /* Release */,
			);
			defaultConfigurationIsVisible = 0;
			defaultConfigurationName = Release;
		};
		3461CFB81DE3DE93005FFEA7 /* Build configuration list for PBXNativeTarget "ThreeRingControl" */ = {
			isa = XCConfigurationList;
			buildConfigurations = (
				3461CFB91DE3DE93005FFEA7 /* Debug */,
				3461CFBA1DE3DE93005FFEA7 /* Release */,
			);
			defaultConfigurationIsVisible = 0;
			defaultConfigurationName = Release;
		};
/* End XCConfigurationList section */
	};
	rootObject = 3461CFA71DE3DE93005FFEA7 /* Project object */;
}
